
Microsoft Visual Studio Solution File, Format Version 12.00
# Visual Studio Version 16
VisualStudioVersion = 16.0.30907.101
MinimumVisualStudioVersion = 10.0.40219.1
Project("{FAE04EC0-301F-11D3-BF4B-00C04F79EFBC}") = "MyPhoneDirectoryProject.Core", "MyPhoneDirectoryProject.Core\MyPhoneDirectoryProject.Core.csproj", "{1B331FCC-76FC-40FE-9917-D67092DBA746}"
EndProject
Project("{FAE04EC0-301F-11D3-BF4B-00C04F79EFBC}") = "MyPhoneDirectoryProject.BLL", "MyPhoneDirectoryProject.BLL\MyPhoneDirectoryProject.BLL.csproj", "{4CB5DDB3-D293-4E20-8E7D-D118FC36EC79}"
EndProject
Project("{FAE04EC0-301F-11D3-BF4B-00C04F79EFBC}") = "MyPhoneDirectoryProject.Entities", "MyPhoneDirectoryProject.Entities\MyPhoneDirectoryProject.Entities.csproj", "{B1F8CE42-5555-4A58-987E-82D1FF6224F2}"
EndProject
Project("{FAE04EC0-301F-11D3-BF4B-00C04F79EFBC}") = "MyPhoneDirectoryProject.WFUI", "MyPhoneDirectoryProject.WFUI\MyPhoneDirectoryProject.WFUI.csproj", "{07AB4EE6-1627-45C0-AF9E-308F22548CB7}"
EndProject
Global
	GlobalSection(SolutionConfigurationPlatforms) = preSolution
		Debug|Any CPU = Debug|Any CPU
		Release|Any CPU = Release|Any CPU
	EndGlobalSection
	GlobalSection(ProjectConfigurationPlatforms) = postSolution
		{1B331FCC-76FC-40FE-9917-D67092DBA746}.Debug|Any CPU.ActiveCfg = Debug|Any CPU
		{1B331FCC-76FC-40FE-9917-D67092DBA746}.Debug|Any CPU.Build.0 = Debug|Any CPU
		{1B331FCC-76FC-40FE-9917-D67092DBA746}.Release|Any CPU.ActiveCfg = Release|Any CPU
		{1B331FCC-76FC-40FE-9917-D67092DBA746}.Release|Any CPU.Build.0 = Release|Any CPU
		{4CB5DDB3-D293-4E20-8E7D-D118FC36EC79}.Debug|Any CPU.ActiveCfg = Debug|Any CPU
		{4CB5DDB3-D293-4E20-8E7D-D118FC36EC79}.Debug|Any CPU.Build.0 = Debug|Any CPU
		{4CB5DDB3-D293-4E20-8E7D-D118FC36EC79}.Release|Any CPU.ActiveCfg = Release|Any CPU
		{4CB5DDB3-D293-4E20-8E7D-D118FC36EC79}.Release|Any CPU.Build.0 = Release|Any CPU
		{B1F8CE42-5555-4A58-987E-82D1FF6224F2}.Debug|Any CPU.ActiveCfg = Debug|Any CPU
		{B1F8CE42-5555-4A58-987E-82D1FF6224F2}.Debug|Any CPU.Build.0 = Debug|Any CPU
		{B1F8CE42-5555-4A58-987E-82D1FF6224F2}.Release|Any CPU.ActiveCfg = Release|Any CPU
		{B1F8CE42-5555-4A58-987E-82D1FF6224F2}.Release|Any CPU.Build.0 = Release|Any CPU
		{07AB4EE6-1627-45C0-AF9E-308F22548CB7}.Debug|Any CPU.ActiveCfg = Debug|Any CPU
		{07AB4EE6-1627-45C0-AF9E-308F22548CB7}.Debug|Any CPU.Build.0 = Debug|Any CPU
		{07AB4EE6-1627-45C0-AF9E-308F22548CB7}.Release|Any CPU.ActiveCfg = Release|Any CPU
		{07AB4EE6-1627-45C0-AF9E-308F22548CB7}.Release|Any CPU.Build.0 = Release|Any CPU
	EndGlobalSection
	GlobalSection(SolutionProperties) = preSolution
		HideSolutionNode = FALSE
	EndGlobalSection
	GlobalSection(ExtensibilityGlobals) = postSolution
		SolutionGuid = {66C05F20-D9C5-4E96-BF80-7ED3C6D34009}
	EndGlobalSection
EndGlobal
